
Microsoft Visual Studio Solution File, Format Version 12.00
# Visual Studio Version 17
VisualStudioVersion = 17.0.31903.59
MinimumVisualStudioVersion = 10.0.40219.1
Project("{2150E333-8FDC-42A3-9474-1A3956D46DE8}") = "tests", "tests", "{7A88BF00-2CD7-463A-9FCA-B32F7FDA7E16}"
EndProject
Project("{2150E333-8FDC-42A3-9474-1A3956D46DE8}") = "Core", "Core", "{F17EB6AC-A5E8-4EAD-920D-8A7E19206EA8}"
EndProject
Project("{FAE04EC0-301F-11D3-BF4B-00C04F79EFBC}") = "UnitTests", "tests\Core\UnitTests\UnitTests.csproj", "{A62C4D42-920F-4813-917C-9DC407E04BF9}"
EndProject
Project("{FAE04EC0-301F-11D3-BF4B-00C04F79EFBC}") = "Core", "srcs\Core\Core.csproj", "{367B4C33-9075-4884-B1B7-65004D845C88}"
EndProject
Project("{2150E333-8FDC-42A3-9474-1A3956D46DE8}") = "srcs", "srcs", "{9D8E97DE-F049-47D2-ACEB-C2328B5BEF5E}"
EndProject
Project("{FAE04EC0-301F-11D3-BF4B-00C04F79EFBC}") = "Web", "srcs\Web\Web.csproj", "{DE9F0DEE-1F0C-455F-8D62-99F44815B66B}"
EndProject
Global
	GlobalSection(SolutionConfigurationPlatforms) = preSolution
		Debug|Any CPU = Debug|Any CPU
		Release|Any CPU = Release|Any CPU
	EndGlobalSection
	GlobalSection(SolutionProperties) = preSolution
		HideSolutionNode = FALSE
	EndGlobalSection
	GlobalSection(ProjectConfigurationPlatforms) = postSolution
		{A62C4D42-920F-4813-917C-9DC407E04BF9}.Debug|Any CPU.ActiveCfg = Debug|Any CPU
		{A62C4D42-920F-4813-917C-9DC407E04BF9}.Debug|Any CPU.Build.0 = Debug|Any CPU
		{A62C4D42-920F-4813-917C-9DC407E04BF9}.Release|Any CPU.ActiveCfg = Release|Any CPU
		{A62C4D42-920F-4813-917C-9DC407E04BF9}.Release|Any CPU.Build.0 = Release|Any CPU
		{367B4C33-9075-4884-B1B7-65004D845C88}.Debug|Any CPU.ActiveCfg = Debug|Any CPU
		{367B4C33-9075-4884-B1B7-65004D845C88}.Debug|Any CPU.Build.0 = Debug|Any CPU
		{367B4C33-9075-4884-B1B7-65004D845C88}.Release|Any CPU.ActiveCfg = Release|Any CPU
		{367B4C33-9075-4884-B1B7-65004D845C88}.Release|Any CPU.Build.0 = Release|Any CPU
		{DE9F0DEE-1F0C-455F-8D62-99F44815B66B}.Debug|Any CPU.ActiveCfg = Debug|Any CPU
		{DE9F0DEE-1F0C-455F-8D62-99F44815B66B}.Debug|Any CPU.Build.0 = Debug|Any CPU
		{DE9F0DEE-1F0C-455F-8D62-99F44815B66B}.Release|Any CPU.ActiveCfg = Release|Any CPU
		{DE9F0DEE-1F0C-455F-8D62-99F44815B66B}.Release|Any CPU.Build.0 = Release|Any CPU
	EndGlobalSection
	GlobalSection(NestedProjects) = preSolution
		{F17EB6AC-A5E8-4EAD-920D-8A7E19206EA8} = {7A88BF00-2CD7-463A-9FCA-B32F7FDA7E16}
		{A62C4D42-920F-4813-917C-9DC407E04BF9} = {F17EB6AC-A5E8-4EAD-920D-8A7E19206EA8}
		{DE9F0DEE-1F0C-455F-8D62-99F44815B66B} = {9D8E97DE-F049-47D2-ACEB-C2328B5BEF5E}
	EndGlobalSection
EndGlobal
